Microsoft Visual Studio Solution File, Format Version 12.00
# Visual Studio Version 17
VisualStudioVersion = 17.5.2.0
MinimumVisualStudioVersion = 10.0.40219.1
Project("{FAE04EC0-301F-11D3-BF4B-00C04F79EFBC}") = "dotnetAwsAPI", "dotnetAwsAPI.csproj", "{6740F0A2-9E2E-DB1A-A97D-AC7FABE0B06A}"
EndProject
Global
	GlobalSection(SolutionConfigurationPlatforms) = preSolution
		Debug|Any CPU = Debug|Any CPU
		Release|Any CPU = Release|Any CPU
	EndGlobalSection
	GlobalSection(ProjectConfigurationPlatforms) = postSolution
		{6740F0A2-9E2E-DB1A-A97D-AC7FABE0B06A}.Debug|Any CPU.ActiveCfg = Debug|Any CPU
		{6740F0A2-9E2E-DB1A-A97D-AC7FABE0B06A}.Debug|Any CPU.Build.0 = Debug|Any CPU
		{6740F0A2-9E2E-DB1A-A97D-AC7FABE0B06A}.Release|Any CPU.ActiveCfg = Release|Any CPU
		{6740F0A2-9E2E-DB1A-A97D-AC7FABE0B06A}.Release|Any CPU.Build.0 = Release|Any CPU
	EndGlobalSection
	GlobalSection(SolutionProperties) = preSolution
		HideSolutionNode = FALSE
	EndGlobalSection
	GlobalSection(ExtensibilityGlobals) = postSolution
		SolutionGuid = {D7A4C2D6-18FE-4E21-9E50-D74A345C11D1}
	EndGlobalSection
EndGlobal
